
Microsoft Visual Studio Solution File, Format Version 12.00
# Visual Studio 15
VisualStudioVersion = 15.0.28307.168
MinimumVisualStudioVersion = 10.0.40219.1
Project("{8BC9CEB8-8B4A-11D0-8D11-00A0C91BC942}") = "实现一个函数判断year是不是润年", "实现一个函数判断year是不是润年\实现一个函数判断year是不是润年.vcxproj", "{67E8C968-D81C-4E7B-8310-A5DD823468AC}"
EndProject
Global
	GlobalSection(SolutionConfigurationPlatforms) = preSolution
		Debug|x64 = Debug|x64
		Debug|x86 = Debug|x86
		Release|x64 = Release|x64
		Release|x86 = Release|x86
	EndGlobalSection
	GlobalSection(ProjectConfigurationPlatforms) = postSolution
		{67E8C968-D81C-4E7B-8310-A5DD823468AC}.Debug|x64.ActiveCfg = Debug|x64
		{67E8C968-D81C-4E7B-8310-A5DD823468AC}.Debug|x64.Build.0 = Debug|x64
		{67E8C968-D81C-4E7B-8310-A5DD823468AC}.Debug|x86.ActiveCfg = Debug|Win32
		{67E8C968-D81C-4E7B-8310-A5DD823468AC}.Debug|x86.Build.0 = Debug|Win32
		{67E8C968-D81C-4E7B-8310-A5DD823468AC}.Release|x64.ActiveCfg = Release|x64
		{67E8C968-D81C-4E7B-8310-A5DD823468AC}.Release|x64.Build.0 = Release|x64
		{67E8C968-D81C-4E7B-8310-A5DD823468AC}.Release|x86.ActiveCfg = Release|Win32
		{67E8C968-D81C-4E7B-8310-A5DD823468AC}.Release|x86.Build.0 = Release|Win32
	EndGlobalSection
	GlobalSection(SolutionProperties) = preSolution
		HideSolutionNode = FALSE
	EndGlobalSection
	GlobalSection(ExtensibilityGlobals) = postSolution
		SolutionGuid = {86EA609B-ED83-4843-A101-2A648537D57E}
	EndGlobalSection
EndGlobal
