
Microsoft Visual Studio Solution File, Format Version 12.00
# Visual Studio 15
VisualStudioVersion = 15.0.28307.168
MinimumVisualStudioVersion = 10.0.40219.1
Project("{8BC9CEB8-8B4A-11D0-8D11-00A0C91BC942}") = "编写代码模拟三次密码输入的场景", "编写代码模拟三次密码输入的场景\编写代码模拟三次密码输入的场景.vcxproj", "{5EFBC79F-51EE-4427-86D6-4DBB5B67EEF6}"
EndProject
Global
	GlobalSection(SolutionConfigurationPlatforms) = preSolution
		Debug|x64 = Debug|x64
		Debug|x86 = Debug|x86
		Release|x64 = Release|x64
		Release|x86 = Release|x86
	EndGlobalSection
	GlobalSection(ProjectConfigurationPlatforms) = postSolution
		{5EFBC79F-51EE-4427-86D6-4DBB5B67EEF6}.Debug|x64.ActiveCfg = Debug|x64
		{5EFBC79F-51EE-4427-86D6-4DBB5B67EEF6}.Debug|x64.Build.0 = Debug|x64
		{5EFBC79F-51EE-4427-86D6-4DBB5B67EEF6}.Debug|x86.ActiveCfg = Debug|Win32
		{5EFBC79F-51EE-4427-86D6-4DBB5B67EEF6}.Debug|x86.Build.0 = Debug|Win32
		{5EFBC79F-51EE-4427-86D6-4DBB5B67EEF6}.Release|x64.ActiveCfg = Release|x64
		{5EFBC79F-51EE-4427-86D6-4DBB5B67EEF6}.Release|x64.Build.0 = Release|x64
		{5EFBC79F-51EE-4427-86D6-4DBB5B67EEF6}.Release|x86.ActiveCfg = Release|Win32
		{5EFBC79F-51EE-4427-86D6-4DBB5B67EEF6}.Release|x86.Build.0 = Release|Win32
	EndGlobalSection
	GlobalSection(SolutionProperties) = preSolution
		HideSolutionNode = FALSE
	EndGlobalSection
	GlobalSection(ExtensibilityGlobals) = postSolution
		SolutionGuid = {56446B22-78C0-421C-B087-5B693C50C566}
	EndGlobalSection
EndGlobal
