
Microsoft Visual Studio Solution File, Format Version 12.00
# Visual Studio 15
VisualStudioVersion = 15.0.28307.168
MinimumVisualStudioVersion = 10.0.40219.1
Project("{8BC9CEB8-8B4A-11D0-8D11-00A0C91BC942}") = "利用函数实现俩个数的交换", "利用函数实现俩个数的交换\利用函数实现俩个数的交换.vcxproj", "{92B6F158-7A3A-4C36-8A44-600F759ECA7E}"
EndProject
Global
	GlobalSection(SolutionConfigurationPlatforms) = preSolution
		Debug|x64 = Debug|x64
		Debug|x86 = Debug|x86
		Release|x64 = Release|x64
		Release|x86 = Release|x86
	EndGlobalSection
	GlobalSection(ProjectConfigurationPlatforms) = postSolution
		{92B6F158-7A3A-4C36-8A44-600F759ECA7E}.Debug|x64.ActiveCfg = Debug|x64
		{92B6F158-7A3A-4C36-8A44-600F759ECA7E}.Debug|x64.Build.0 = Debug|x64
		{92B6F158-7A3A-4C36-8A44-600F759ECA7E}.Debug|x86.ActiveCfg = Debug|Win32
		{92B6F158-7A3A-4C36-8A44-600F759ECA7E}.Debug|x86.Build.0 = Debug|Win32
		{92B6F158-7A3A-4C36-8A44-600F759ECA7E}.Release|x64.ActiveCfg = Release|x64
		{92B6F158-7A3A-4C36-8A44-600F759ECA7E}.Release|x64.Build.0 = Release|x64
		{92B6F158-7A3A-4C36-8A44-600F759ECA7E}.Release|x86.ActiveCfg = Release|Win32
		{92B6F158-7A3A-4C36-8A44-600F759ECA7E}.Release|x86.Build.0 = Release|Win32
	EndGlobalSection
	GlobalSection(SolutionProperties) = preSolution
		HideSolutionNode = FALSE
	EndGlobalSection
	GlobalSection(ExtensibilityGlobals) = postSolution
		SolutionGuid = {B0C22F42-AF7F-498B-90DA-9E7967E8775B}
	EndGlobalSection
EndGlobal
